{
  "nodes": {
    "flake-parts": {
      "inputs": {
        "nixpkgs-lib": [
          "neovim",
          "nixpkgs"
        ]
      },
      "locked": {
        "lastModified": 1772408722,
        "narHash": "sha256-rHuJtdcOjK7rAHpHphUb1iCvgkU3GpfvicLMwwnfMT0=",
        "owner": "hercules-ci",
        "repo": "flake-parts",
        "rev": "f20dc5d9b8027381c474144ecabc9034d6a839a3",
        "type": "github"
      },
      "original": {
        "owner": "hercules-ci",
        "repo": "flake-parts",
        "type": "github"
      }
    },
    "neovim": {
      "inputs": {
        "flake-parts": "flake-parts",
        "neovim-src": "neovim-src",
        "nixpkgs": [
          "nixpkgs"
        ]
      },
      "locked": {
        "lastModified": 1775076062,
        "narHash": "sha256-ruqxqJtdmNm/fmjuAdwtSBNcbBeMgE1hwELlUnAFgyU=",
        "owner": "nix-community",
        "repo": "neovim-nightly-overlay",
        "rev": "215965fbe5b5dbd61bf33c8bda4a20c2b32c3df2",
        "type": "github"
      },
      "original": {
        "owner": "nix-community",
        "repo": "neovim-nightly-overlay",
        "type": "github"
      }
    },
    "neovim-src": {
      "flake": false,
      "locked": {
        "lastModified": 1774915197,
        "narHash": "sha256-yor+eo8CVi7wBp7CjAMQnVoK+m197gsl7MvUzaqicns=",
        "owner": "neovim",
        "repo": "neovim",
        "rev": "dbc4800dda2b0dc3290dc79955f857256e0694e2",
        "type": "github"
      },
      "original": {
        "owner": "neovim",
        "repo": "neovim",
        "type": "github"
      }
    },
    "nixpkgs": {
      "locked": {
        "lastModified": 1775036866,
        "narHash": "sha256-ZojAnPuCdy657PbTq5V0Y+AHKhZAIwSIT2cb8UgAz/U=",
        "owner": "nixos",
        "repo": "nixpkgs",
        "rev": "6201e203d09599479a3b3450ed24fa81537ebc4e",
        "type": "github"
      },
      "original": {
        "owner": "nixos",
        "ref": "nixos-unstable",
        "repo": "nixpkgs",
        "type": "github"
      }
    },
    "root": {
      "inputs": {
        "neovim": "neovim",
        "nixpkgs": "nixpkgs",
        "rust-overlay": "rust-overlay",
        "wgsl-analyzer-src": "wgsl-analyzer-src"
      }
    },
    "rust-overlay": {
      "inputs": {
        "nixpkgs": [
          "nixpkgs"
        ]
      },
      "locked": {
        "lastModified": 1782616745,
        "narHash": "sha256-NN5B1cKBXF6h1Ec681gMGZ2o/99d7vKXAAfFNEvyOKA=",
        "owner": "oxalica",
        "repo": "rust-overlay",
        "rev": "b916d014dc57eb555f84e51172a82f7f6fb560d7",
        "type": "github"
      },
      "original": {
        "owner": "oxalica",
        "repo": "rust-overlay",
        "type": "github"
      }
    },
    "wgsl-analyzer-src": {
      "flake": false,
      "locked": {
        "lastModified": 1782472874,
        "narHash": "sha256-v1rJOJNdREVj8s3boQunUmKHVvasJ6HYein1tXWj6Mw=",
        "owner": "wgsl-analyzer",
        "repo": "wgsl-analyzer",
        "rev": "8d94b5f042004837e88ca83afa50c5bfbeaabf06",
        "type": "github"
      },
      "original": {
        "owner": "wgsl-analyzer",
        "repo": "wgsl-analyzer",
        "type": "github"
      }
    }
  },
  "root": "root",
  "version": 7
}
